
Microsoft Visual Studio Solution File, Format Version 12.00
# Visual Studio 15
VisualStudioVersion = 15.0.28307.1062
MinimumVisualStudioVersion = 10.0.40219.1
Project("{FAE04EC0-301F-11D3-BF4B-00C04F79EFBC}") = "NetEntitiesLibrary", "NetEntitiesLibrary\NetEntitiesLibrary.csproj", "{8AF0DE5C-1230-4CD3-9000-5610314D8E1C}"
EndProject
Project("{FAE04EC0-301F-11D3-BF4B-00C04F79EFBC}") = "TextConverter", "TextConverter\TextConverter.csproj", "{62C1304A-8507-4200-BF84-2F5EDF50F68B}"
EndProject
Project("{FAE04EC0-301F-11D3-BF4B-00C04F79EFBC}") = "NetEntitesTests", "NetEntitesTests\NetEntitesTests.csproj", "{26490411-3F3E-44A1-B63F-50F422CD9074}"
EndProject
Global
	GlobalSection(SolutionConfigurationPlatforms) = preSolution
		Debug|Any CPU = Debug|Any CPU
		Release|Any CPU = Release|Any CPU
	EndGlobalSection
	GlobalSection(ProjectConfigurationPlatforms) = postSolution
		{8AF0DE5C-1230-4CD3-9000-5610314D8E1C}.Debug|Any CPU.ActiveCfg = Debug|Any CPU
		{8AF0DE5C-1230-4CD3-9000-5610314D8E1C}.Debug|Any CPU.Build.0 = Debug|Any CPU
		{8AF0DE5C-1230-4CD3-9000-5610314D8E1C}.Release|Any CPU.ActiveCfg = Release|Any CPU
		{8AF0DE5C-1230-4CD3-9000-5610314D8E1C}.Release|Any CPU.Build.0 = Release|Any CPU
		{62C1304A-8507-4200-BF84-2F5EDF50F68B}.Debug|Any CPU.ActiveCfg = Debug|Any CPU
		{62C1304A-8507-4200-BF84-2F5EDF50F68B}.Debug|Any CPU.Build.0 = Debug|Any CPU
		{62C1304A-8507-4200-BF84-2F5EDF50F68B}.Release|Any CPU.ActiveCfg = Release|Any CPU
		{62C1304A-8507-4200-BF84-2F5EDF50F68B}.Release|Any CPU.Build.0 = Release|Any CPU
		{26490411-3F3E-44A1-B63F-50F422CD9074}.Debug|Any CPU.ActiveCfg = Debug|Any CPU
		{26490411-3F3E-44A1-B63F-50F422CD9074}.Debug|Any CPU.Build.0 = Debug|Any CPU
		{26490411-3F3E-44A1-B63F-50F422CD9074}.Release|Any CPU.ActiveCfg = Release|Any CPU
		{26490411-3F3E-44A1-B63F-50F422CD9074}.Release|Any CPU.Build.0 = Release|Any CPU
	EndGlobalSection
	GlobalSection(SolutionProperties) = preSolution
		HideSolutionNode = FALSE
	EndGlobalSection
	GlobalSection(ExtensibilityGlobals) = postSolution
		SolutionGuid = {1C8380A3-CC34-48A8-9959-BBDACDDE75CF}
	EndGlobalSection
EndGlobal
